
Microsoft Visual Studio Solution File, Format Version 12.00
# Visual Studio Version 16
VisualStudioVersion = 16.0.29201.188
MinimumVisualStudioVersion = 10.0.40219.1
Project("{2150E333-8FDC-42A3-9474-1A3956D46DE8}") = "src", "src", "{632B5523-0AB5-47C8-B0D8-75C34FF7D3A4}"
EndProject
Project("{9A19103F-16F7-4668-BE54-9A1E7A4F7556}") = "MongoInMemory", "src\MongoInMemory\MongoInMemory.csproj", "{ED48B9D0-D78F-4D32-94B5-1A1073776567}"
EndProject
Global
	GlobalSection(SolutionConfigurationPlatforms) = preSolution
		Debug|Any CPU = Debug|Any CPU
		Debug|x64 = Debug|x64
		Release|Any CPU = Release|Any CPU
		Release|x64 = Release|x64
	EndGlobalSection
	GlobalSection(ProjectConfigurationPlatforms) = postSolution
		{ED48B9D0-D78F-4D32-94B5-1A1073776567}.Debug|Any CPU.ActiveCfg = Debug|Any CPU
		{ED48B9D0-D78F-4D32-94B5-1A1073776567}.Debug|Any CPU.Build.0 = Debug|Any CPU
		{ED48B9D0-D78F-4D32-94B5-1A1073776567}.Debug|x64.ActiveCfg = Debug|x64
		{ED48B9D0-D78F-4D32-94B5-1A1073776567}.Debug|x64.Build.0 = Debug|x64
		{ED48B9D0-D78F-4D32-94B5-1A1073776567}.Release|Any CPU.ActiveCfg = Release|Any CPU
		{ED48B9D0-D78F-4D32-94B5-1A1073776567}.Release|Any CPU.Build.0 = Release|Any CPU
		{ED48B9D0-D78F-4D32-94B5-1A1073776567}.Release|x64.ActiveCfg = Release|Any CPU
		{ED48B9D0-D78F-4D32-94B5-1A1073776567}.Release|x64.Build.0 = Release|Any CPU
	EndGlobalSection
	GlobalSection(SolutionProperties) = preSolution
		HideSolutionNode = FALSE
	EndGlobalSection
	GlobalSection(NestedProjects) = preSolution
		{ED48B9D0-D78F-4D32-94B5-1A1073776567} = {632B5523-0AB5-47C8-B0D8-75C34FF7D3A4}
	EndGlobalSection
	GlobalSection(ExtensibilityGlobals) = postSolution
		SolutionGuid = {A47B5B15-A6EE-4DF3-BD8A-DC1493E48F79}
	EndGlobalSection
EndGlobal
